{
  "name": "ai-image-detector-compare",
  "version": "1.1.0",
  "lockfileVersion": 3,
  "requires": true,
  "packages": {
    "": {
      "name": "ai-image-detector-compare",
      "version": "1.1.0",
      "dependencies": {
        "exifr": "^7.1.3",
        "ndarray": "^1.0.19",
        "ndarray-fft": "^1.0.3",
        "sharp": "^0.34.2"
      },
      "devDependencies": {
        "exiftool-vendored": "^35.20.0"
      },
      "engines": {
        "node": "20.x"
      }
    },
    "node_modules/@emnapi/runtime": {
      "version": "1.10.0",
      "resolved": "https://registry.npmjs.org/@emnapi/runtime/-/runtime-1.10.0.tgz",
      "integrity": "sha512-ewvYlk86xUoGI0zQRNq/mC+16R1QeDlKQy21Ki3oSYXNgLb45GV1P6A0M+/s6nyCuNDqe5VpaY84BzXGwVbwFA==",
      "license": "MIT",
      "optional": true,
      "dependencies": {
        "tslib": "^2.4.0"
      }
    },
    "node_modules/@img/colour": {
      "version": "1.1.0",
      "resolved": "https://registry.npmjs.org/@img/colour/-/colour-1.1.0.tgz",
      "integrity": "sha512-Td76q7j57o/tLVdgS746cYARfSyxk8iEfRxewL9h4OMzYhbW4TAcppl0mT4eyqXddh6L/jwoM75mo7ixa/pCeQ==",
      "license": "MIT",
      "engines": {
        "node": ">=18"
      }
    },
    "node_modules/@img/sharp-darwin-arm64": {
      "version": "0.34.5",
      "resolved": "https://registry.npmjs.org/@img/sharp-darwin-arm64/-/sharp-darwin-arm64-0.34.5.tgz",
      "integrity": "sha512-imtQ3WMJXbMY4fxb/Ndp6HBTNVtWCUI0WdobyheGf5+ad6xX8VIDO8u2xE4qc/fr08CKG/7dDseFtn6M6g/r3w==",
      "cpu": [
        "arm64"
      ],
      "license": "Apache-2.0",
      "optional": true,
      "os": [
        "darwin"
      ],
      "engines": {
        "node": "^18.17.0 || ^20.3.0 || >=21.0.0"
      },
      "funding": {
        "url": "https://opencollective.com/libvips"
      },
      "optionalDependencies": {
        "@img/sharp-libvips-darwin-arm64": "1.2.4"
      }
    },
    "node_modules/@img/sharp-darwin-x64": {
      "version": "0.34.5",
      "resolved": "https://registry.npmjs.org/@img/sharp-darwin-x64/-/sharp-darwin-x64-0.34.5.tgz",
      "integrity": "sha512-YNEFAF/4KQ/PeW0N+r+aVVsoIY0/qxxikF2SWdp+NRkmMB7y9LBZAVqQ4yhGCm/H3H270OSykqmQMKLBhBJDEw==",
      "cpu": [
        "x64"
      ],
      "license": "Apache-2.0",
      "optional": true,
      "os": [
        "darwin"
      ],
      "engines": {
        "node": "^18.17.0 || ^20.3.0 || >=21.0.0"
      },
      "funding": {
        "url": "https://opencollective.com/libvips"
      },
      "optionalDependencies": {
        "@img/sharp-libvips-darwin-x64": "1.2.4"
      }
    },
    "node_modules/@img/sharp-libvips-darwin-arm64": {
      "version": "1.2.4",
      "resolved": "https://registry.npmjs.org/@img/sharp-libvips-darwin-arm64/-/sharp-libvips-darwin-arm64-1.2.4.tgz",
      "integrity": "sha512-zqjjo7RatFfFoP0MkQ51jfuFZBnVE2pRiaydKJ1G/rHZvnsrHAOcQALIi9sA5co5xenQdTugCvtb1cuf78Vf4g==",
      "cpu": [
        "arm64"
      ],
      "license": "LGPL-3.0-or-later",
      "optional": true,
      "os": [
        "darwin"
      ],
      "funding": {
        "url": "https://opencollective.com/libvips"
      }
    },
    "node_modules/@img/sharp-libvips-darwin-x64": {
      "version": "1.2.4",
      "resolved": "https://registry.npmjs.org/@img/sharp-libvips-darwin-x64/-/sharp-libvips-darwin-x64-1.2.4.tgz",
      "integrity": "sha512-1IOd5xfVhlGwX+zXv2N93k0yMONvUlANylbJw1eTah8K/Jtpi15KC+WSiaX/nBmbm2HxRM1gZ0nSdjSsrZbGKg==",
      "cpu": [
        "x64"
      ],
      "license": "LGPL-3.0-or-later",
      "optional": true,
      "os": [
        "darwin"
      ],
      "funding": {
        "url": "https://opencollective.com/libvips"
      }
    },
    "node_modules/@img/sharp-libvips-linux-arm": {
      "version": "1.2.4",
      "resolved": "https://registry.npmjs.org/@img/sharp-libvips-linux-arm/-/sharp-libvips-linux-arm-1.2.4.tgz",
      "integrity": "sha512-bFI7xcKFELdiNCVov8e44Ia4u2byA+l3XtsAj+Q8tfCwO6BQ8iDojYdvoPMqsKDkuoOo+X6HZA0s0q11ANMQ8A==",
      "cpu": [
        "arm"
      ],
      "libc": [
        "glibc"
      ],
      "license": "LGPL-3.0-or-later",
      "optional": true,
      "os": [
        "linux"
      ],
      "funding": {
        "url": "https://opencollective.com/libvips"
      }
    },
    "node_modules/@img/sharp-libvips-linux-arm64": {
      "version": "1.2.4",
      "resolved": "https://registry.npmjs.org/@img/sharp-libvips-linux-arm64/-/sharp-libvips-linux-arm64-1.2.4.tgz",
      "integrity": "sha512-excjX8DfsIcJ10x1Kzr4RcWe1edC9PquDRRPx3YVCvQv+U5p7Yin2s32ftzikXojb1PIFc/9Mt28/y+iRklkrw==",
      "cpu": [
        "arm64"
      ],
      "libc": [
        "glibc"
      ],
      "license": "LGPL-3.0-or-later",
      "optional": true,
      "os": [
        "linux"
      ],
      "funding": {
        "url": "https://opencollective.com/libvips"
      }
    },
    "node_modules/@img/sharp-libvips-linux-ppc64": {
      "version": "1.2.4",
      "resolved": "https://registry.npmjs.org/@img/sharp-libvips-linux-ppc64/-/sharp-libvips-linux-ppc64-1.2.4.tgz",
      "integrity": "sha512-FMuvGijLDYG6lW+b/UvyilUWu5Ayu+3r2d1S8notiGCIyYU/76eig1UfMmkZ7vwgOrzKzlQbFSuQfgm7GYUPpA==",
      "cpu": [
        "ppc64"
      ],
      "libc": [
        "glibc"
      ],
      "license": "LGPL-3.0-or-later",
      "optional": true,
      "os": [
        "linux"
      ],
      "funding": {
        "url": "https://opencollective.com/libvips"
      }
    },
    "node_modules/@img/sharp-libvips-linux-riscv64": {
      "version": "1.2.4",
      "resolved": "https://registry.npmjs.org/@img/sharp-libvips-linux-riscv64/-/sharp-libvips-linux-riscv64-1.2.4.tgz",
      "integrity": "sha512-oVDbcR4zUC0ce82teubSm+x6ETixtKZBh/qbREIOcI3cULzDyb18Sr/Wcyx7NRQeQzOiHTNbZFF1UwPS2scyGA==",
      "cpu": [
        "riscv64"
      ],
      "libc": [
        "glibc"
      ],
      "license": "LGPL-3.0-or-later",
      "optional": true,
      "os": [
        "linux"
      ],
      "funding": {
        "url": "https://opencollective.com/libvips"
      }
    },
    "node_modules/@img/sharp-libvips-linux-s390x": {
      "version": "1.2.4",
      "resolved": "https://registry.npmjs.org/@img/sharp-libvips-linux-s390x/-/sharp-libvips-linux-s390x-1.2.4.tgz",
      "integrity": "sha512-qmp9VrzgPgMoGZyPvrQHqk02uyjA0/QrTO26Tqk6l4ZV0MPWIW6LTkqOIov+J1yEu7MbFQaDpwdwJKhbJvuRxQ==",
      "cpu": [
        "s390x"
      ],
      "libc": [
        "glibc"
      ],
      "license": "LGPL-3.0-or-later",
      "optional": true,
      "os": [
        "linux"
      ],
      "funding": {
        "url": "https://opencollective.com/libvips"
      }
    },
    "node_modules/@img/sharp-libvips-linux-x64": {
      "version": "1.2.4",
      "resolved": "https://registry.npmjs.org/@img/sharp-libvips-linux-x64/-/sharp-libvips-linux-x64-1.2.4.tgz",
      "integrity": "sha512-tJxiiLsmHc9Ax1bz3oaOYBURTXGIRDODBqhveVHonrHJ9/+k89qbLl0bcJns+e4t4rvaNBxaEZsFtSfAdquPrw==",
      "cpu": [
        "x64"
      ],
      "libc": [
        "glibc"
      ],
      "license": "LGPL-3.0-or-later",
      "optional": true,
      "os": [
        "linux"
      ],
      "funding": {
        "url": "https://opencollective.com/libvips"
      }
    },
    "node_modules/@img/sharp-libvips-linuxmusl-arm64": {
      "version": "1.2.4",
      "resolved": "https://registry.npmjs.org/@img/sharp-libvips-linuxmusl-arm64/-/sharp-libvips-linuxmusl-arm64-1.2.4.tgz",
      "integrity": "sha512-FVQHuwx1IIuNow9QAbYUzJ+En8KcVm9Lk5+uGUQJHaZmMECZmOlix9HnH7n1TRkXMS0pGxIJokIVB9SuqZGGXw==",
      "cpu": [
        "arm64"
      ],
      "libc": [
        "musl"
      ],
      "license": "LGPL-3.0-or-later",
      "optional": true,
      "os": [
        "linux"
      ],
      "funding": {
        "url": "https://opencollective.com/libvips"
      }
    },
    "node_modules/@img/sharp-libvips-linuxmusl-x64": {
      "version": "1.2.4",
      "resolved": "https://registry.npmjs.org/@img/sharp-libvips-linuxmusl-x64/-/sharp-libvips-linuxmusl-x64-1.2.4.tgz",
      "integrity": "sha512-+LpyBk7L44ZIXwz/VYfglaX/okxezESc6UxDSoyo2Ks6Jxc4Y7sGjpgU9s4PMgqgjj1gZCylTieNamqA1MF7Dg==",
      "cpu": [
        "x64"
      ],
      "libc": [
        "musl"
      ],
      "license": "LGPL-3.0-or-later",
      "optional": true,
      "os": [
        "linux"
      ],
      "funding": {
        "url": "https://opencollective.com/libvips"
      }
    },
    "node_modules/@img/sharp-linux-arm": {
      "version": "0.34.5",
      "resolved": "https://registry.npmjs.org/@img/sharp-linux-arm/-/sharp-linux-arm-0.34.5.tgz",
      "integrity": "sha512-9dLqsvwtg1uuXBGZKsxem9595+ujv0sJ6Vi8wcTANSFpwV/GONat5eCkzQo/1O6zRIkh0m/8+5BjrRr7jDUSZw==",
      "cpu": [
        "arm"
      ],
      "libc": [
        "glibc"
      ],
      "license": "Apache-2.0",
      "optional": true,
      "os": [
        "linux"
      ],
      "engines": {
        "node": "^18.17.0 || ^20.3.0 || >=21.0.0"
      },
      "funding": {
        "url": "https://opencollective.com/libvips"
      },
      "optionalDependencies": {
        "@img/sharp-libvips-linux-arm": "1.2.4"
      }
    },
    "node_modules/@img/sharp-linux-arm64": {
      "version": "0.34.5",
      "resolved": "https://registry.npmjs.org/@img/sharp-linux-arm64/-/sharp-linux-arm64-0.34.5.tgz",
      "integrity": "sha512-bKQzaJRY/bkPOXyKx5EVup7qkaojECG6NLYswgktOZjaXecSAeCWiZwwiFf3/Y+O1HrauiE3FVsGxFg8c24rZg==",
      "cpu": [
        "arm64"
      ],
      "libc": [
        "glibc"
      ],
      "license": "Apache-2.0",
      "optional": true,
      "os": [
        "linux"
      ],
      "engines": {
        "node": "^18.17.0 || ^20.3.0 || >=21.0.0"
      },
      "funding": {
        "url": "https://opencollective.com/libvips"
      },
      "optionalDependencies": {
        "@img/sharp-libvips-linux-arm64": "1.2.4"
      }
    },
    "node_modules/@img/sharp-linux-ppc64": {
      "version": "0.34.5",
      "resolved": "https://registry.npmjs.org/@img/sharp-linux-ppc64/-/sharp-linux-ppc64-0.34.5.tgz",
      "integrity": "sha512-7zznwNaqW6YtsfrGGDA6BRkISKAAE1Jo0QdpNYXNMHu2+0dTrPflTLNkpc8l7MUP5M16ZJcUvysVWWrMefZquA==",
      "cpu": [
        "ppc64"
      ],
      "libc": [
        "glibc"
      ],
      "license": "Apache-2.0",
      "optional": true,
      "os": [
        "linux"
      ],
      "engines": {
        "node": "^18.17.0 || ^20.3.0 || >=21.0.0"
      },
      "funding": {
        "url": "https://opencollective.com/libvips"
      },
      "optionalDependencies": {
        "@img/sharp-libvips-linux-ppc64": "1.2.4"
      }
    },
    "node_modules/@img/sharp-linux-riscv64": {
      "version": "0.34.5",
      "resolved": "https://registry.npmjs.org/@img/sharp-linux-riscv64/-/sharp-linux-riscv64-0.34.5.tgz",
      "integrity": "sha512-51gJuLPTKa7piYPaVs8GmByo7/U7/7TZOq+cnXJIHZKavIRHAP77e3N2HEl3dgiqdD/w0yUfiJnII77PuDDFdw==",
      "cpu": [
        "riscv64"
      ],
      "libc": [
        "glibc"
      ],
      "license": "Apache-2.0",
      "optional": true,
      "os": [
        "linux"
      ],
      "engines": {
        "node": "^18.17.0 || ^20.3.0 || >=21.0.0"
      },
      "funding": {
        "url": "https://opencollective.com/libvips"
      },
      "optionalDependencies": {
        "@img/sharp-libvips-linux-riscv64": "1.2.4"
      }
    },
    "node_modules/@img/sharp-linux-s390x": {
      "version": "0.34.5",
      "resolved": "https://registry.npmjs.org/@img/sharp-linux-s390x/-/sharp-linux-s390x-0.34.5.tgz",
      "integrity": "sha512-nQtCk0PdKfho3eC5MrbQoigJ2gd1CgddUMkabUj+rBevs8tZ2cULOx46E7oyX+04WGfABgIwmMC0VqieTiR4jg==",
      "cpu": [
        "s390x"
      ],
      "libc": [
        "glibc"
      ],
      "license": "Apache-2.0",
      "optional": true,
      "os": [
        "linux"
      ],
      "engines": {
        "node": "^18.17.0 || ^20.3.0 || >=21.0.0"
      },
      "funding": {
        "url": "https://opencollective.com/libvips"
      },
      "optionalDependencies": {
        "@img/sharp-libvips-linux-s390x": "1.2.4"
      }
    },
    "node_modules/@img/sharp-linux-x64": {
      "version": "0.34.5",
      "resolved": "https://registry.npmjs.org/@img/sharp-linux-x64/-/sharp-linux-x64-0.34.5.tgz",
      "integrity": "sha512-MEzd8HPKxVxVenwAa+JRPwEC7QFjoPWuS5NZnBt6B3pu7EG2Ge0id1oLHZpPJdn3OQK+BQDiw9zStiHBTJQQQQ==",
      "cpu": [
        "x64"
      ],
      "libc": [
        "glibc"
      ],
      "license": "Apache-2.0",
      "optional": true,
      "os": [
        "linux"
      ],
      "engines": {
        "node": "^18.17.0 || ^20.3.0 || >=21.0.0"
      },
      "funding": {
        "url": "https://opencollective.com/libvips"
      },
      "optionalDependencies": {
        "@img/sharp-libvips-linux-x64": "1.2.4"
      }
    },
    "node_modules/@img/sharp-linuxmusl-arm64": {
      "version": "0.34.5",
      "resolved": "https://registry.npmjs.org/@img/sharp-linuxmusl-arm64/-/sharp-linuxmusl-arm64-0.34.5.tgz",
      "integrity": "sha512-fprJR6GtRsMt6Kyfq44IsChVZeGN97gTD331weR1ex1c1rypDEABN6Tm2xa1wE6lYb5DdEnk03NZPqA7Id21yg==",
      "cpu": [
        "arm64"
      ],
      "libc": [
        "musl"
      ],
      "license": "Apache-2.0",
      "optional": true,
      "os": [
        "linux"
      ],
      "engines": {
        "node": "^18.17.0 || ^20.3.0 || >=21.0.0"
      },
      "funding": {
        "url": "https://opencollective.com/libvips"
      },
      "optionalDependencies": {
        "@img/sharp-libvips-linuxmusl-arm64": "1.2.4"
      }
    },
    "node_modules/@img/sharp-linuxmusl-x64": {
      "version": "0.34.5",
      "resolved": "https://registry.npmjs.org/@img/sharp-linuxmusl-x64/-/sharp-linuxmusl-x64-0.34.5.tgz",
      "integrity": "sha512-Jg8wNT1MUzIvhBFxViqrEhWDGzqymo3sV7z7ZsaWbZNDLXRJZoRGrjulp60YYtV4wfY8VIKcWidjojlLcWrd8Q==",
      "cpu": [
        "x64"
      ],
      "libc": [
        "musl"
      ],
      "license": "Apache-2.0",
      "optional": true,
      "os": [
        "linux"
      ],
      "engines": {
        "node": "^18.17.0 || ^20.3.0 || >=21.0.0"
      },
      "funding": {
        "url": "https://opencollective.com/libvips"
      },
      "optionalDependencies": {
        "@img/sharp-libvips-linuxmusl-x64": "1.2.4"
      }
    },
    "node_modules/@img/sharp-wasm32": {
      "version": "0.34.5",
      "resolved": "https://registry.npmjs.org/@img/sharp-wasm32/-/sharp-wasm32-0.34.5.tgz",
      "integrity": "sha512-OdWTEiVkY2PHwqkbBI8frFxQQFekHaSSkUIJkwzclWZe64O1X4UlUjqqqLaPbUpMOQk6FBu/HtlGXNblIs0huw==",
      "cpu": [
        "wasm32"
      ],
      "license": "Apache-2.0 AND LGPL-3.0-or-later AND MIT",
      "optional": true,
      "dependencies": {
        "@emnapi/runtime": "^1.7.0"
      },
      "engines": {
        "node": "^18.17.0 || ^20.3.0 || >=21.0.0"
      },
      "funding": {
        "url": "https://opencollective.com/libvips"
      }
    },
    "node_modules/@img/sharp-win32-arm64": {
      "version": "0.34.5",
      "resolved": "https://registry.npmjs.org/@img/sharp-win32-arm64/-/sharp-win32-arm64-0.34.5.tgz",
      "integrity": "sha512-WQ3AgWCWYSb2yt+IG8mnC6Jdk9Whs7O0gxphblsLvdhSpSTtmu69ZG1Gkb6NuvxsNACwiPV6cNSZNzt0KPsw7g==",
      "cpu": [
        "arm64"
      ],
      "license": "Apache-2.0 AND LGPL-3.0-or-later",
      "optional": true,
      "os": [
        "win32"
      ],
      "engines": {
        "node": "^18.17.0 || ^20.3.0 || >=21.0.0"
      },
      "funding": {
        "url": "https://opencollective.com/libvips"
      }
    },
    "node_modules/@img/sharp-win32-ia32": {
      "version": "0.34.5",
      "resolved": "https://registry.npmjs.org/@img/sharp-win32-ia32/-/sharp-win32-ia32-0.34.5.tgz",
      "integrity": "sha512-FV9m/7NmeCmSHDD5j4+4pNI8Cp3aW+JvLoXcTUo0IqyjSfAZJ8dIUmijx1qaJsIiU+Hosw6xM5KijAWRJCSgNg==",
      "cpu": [
        "ia32"
      ],
      "license": "Apache-2.0 AND LGPL-3.0-or-later",
      "optional": true,
      "os": [
        "win32"
      ],
      "engines": {
        "node": "^18.17.0 || ^20.3.0 || >=21.0.0"
      },
      "funding": {
        "url": "https://opencollective.com/libvips"
      }
    },
    "node_modules/@img/sharp-win32-x64": {
      "version": "0.34.5",
      "resolved": "https://registry.npmjs.org/@img/sharp-win32-x64/-/sharp-win32-x64-0.34.5.tgz",
      "integrity": "sha512-+29YMsqY2/9eFEiW93eqWnuLcWcufowXewwSNIT6UwZdUUCrM3oFjMWH/Z6/TMmb4hlFenmfAVbpWeup2jryCw==",
      "cpu": [
        "x64"
      ],
      "license": "Apache-2.0 AND LGPL-3.0-or-later",
      "optional": true,
      "os": [
        "win32"
      ],
      "engines": {
        "node": "^18.17.0 || ^20.3.0 || >=21.0.0"
      },
      "funding": {
        "url": "https://opencollective.com/libvips"
      }
    },
    "node_modules/@photostructure/tz-lookup": {
      "version": "11.5.0",
      "resolved": "https://registry.npmjs.org/@photostructure/tz-lookup/-/tz-lookup-11.5.0.tgz",
      "integrity": "sha512-0DVFriinZ7TeOnm9ytXeSL3NMFU87ZqMjgbPNkd8LgHFLcPg1BDyM1eewFYs+pPM+62S4fSP9Mtgijmn+6y95w==",
      "dev": true,
      "license": "CC0-1.0"
    },
    "node_modules/@types/luxon": {
      "version": "3.7.1",
      "resolved": "https://registry.npmjs.org/@types/luxon/-/luxon-3.7.1.tgz",
      "integrity": "sha512-H3iskjFIAn5SlJU7OuxUmTEpebK6TKB8rxZShDslBMZJ5u9S//KM1sbdAisiSrqwLQncVjnpi2OK2J51h+4lsg==",
      "dev": true,
      "license": "MIT"
    },
    "node_modules/acorn": {
      "version": "7.4.1",
      "resolved": "https://registry.npmjs.org/acorn/-/acorn-7.4.1.tgz",
      "integrity": "sha512-nQyp0o1/mNdbTO1PO6kHkwSrmgZ0MT/jCCpNiwbUjGoRN4dlBhqJtoQuCnEOKzgTVwg0ZWiCoQy6SxMebQVh8A==",
      "license": "MIT",
      "bin": {
        "acorn": "bin/acorn"
      },
      "engines": {
        "node": ">=0.4.0"
      }
    },
    "node_modules/align-text": {
      "version": "0.1.4",
      "resolved": "https://registry.npmjs.org/align-text/-/align-text-0.1.4.tgz",
      "integrity": "sha512-GrTZLRpmp6wIC2ztrWW9MjjTgSKccffgFagbNDOX95/dcjEcYZibYTeaOntySQLcdw1ztBoFkviiUvTMbb9MYg==",
      "license": "MIT",
      "dependencies": {
        "kind-of": "^3.0.2",
        "longest": "^1.0.1",
        "repeat-string": "^1.5.2"
      },
      "engines": {
        "node": ">=0.10.0"
      }
    },
    "node_modules/amdefine": {
      "version": "1.0.1",
      "resolved": "https://registry.npmjs.org/amdefine/-/amdefine-1.0.1.tgz",
      "integrity": "sha512-S2Hw0TtNkMJhIabBwIojKL9YHO5T0n5eNqWJ7Lrlel/zDbftQpxpapi8tZs3X1HWa+u+QeydGmzzNU0m09+Rcg==",
      "license": "BSD-3-Clause OR MIT",
      "optional": true,
      "engines": {
        "node": ">=0.4.2"
      }
    },
    "node_modules/batch-cluster": {
      "version": "17.3.1",
      "resolved": "https://registry.npmjs.org/batch-cluster/-/batch-cluster-17.3.1.tgz",
      "integrity": "sha512-/aWEgZKXgvEseV3WEIRyjDoFka9FTrpt5+FYCxn+giUgveGBKxWjz3cl26V3aD+1kvOBP3nmANZZfcXDmKzcAA==",
      "dev": true,
      "license": "MIT",
      "engines": {
        "node": ">=20"
      }
    },
    "node_modules/bit-twiddle": {
      "version": "1.0.2",
      "resolved": "https://registry.npmjs.org/bit-twiddle/-/bit-twiddle-1.0.2.tgz",
      "integrity": "sha512-B9UhK0DKFZhoTFcfvAzhqsjStvGJp9vYWf3+6SNTtdSQnvIgfkHbgHrg/e4+TH71N2GDu8tpmCVoyfrL1d7ntA==",
      "license": "MIT"
    },
    "node_modules/buffer-from": {
      "version": "1.1.2",
      "resolved": "https://registry.npmjs.org/buffer-from/-/buffer-from-1.1.2.tgz",
      "integrity": "sha512-E+XQCRwSbaaiChtv6k6Dwgc+bx+Bs6vuKJHHl5kox/BaKbhiXzqQOwK4cO22yElGp2OCmjwVhT3HmxgyPGnJfQ==",
      "license": "MIT"
    },
    "node_modules/camelcase": {
      "version": "1.2.1",
      "resolved": "https://registry.npmjs.org/camelcase/-/camelcase-1.2.1.tgz",
      "integrity": "sha512-wzLkDa4K/mzI1OSITC+DUyjgIl/ETNHE9QvYgy6J6Jvqyyz4C0Xfd+lQhb19sX2jMpZV4IssUn0VDVmglV+s4g==",
      "license": "MIT",
      "engines": {
        "node": ">=0.10.0"
      }
    },
    "node_modules/center-align": {
      "version": "0.1.3",
      "resolved": "https://registry.npmjs.org/center-align/-/center-align-0.1.3.tgz",
      "integrity": "sha512-Baz3aNe2gd2LP2qk5U+sDk/m4oSuwSDcBfayTCTBoWpfIGO5XFxPmjILQII4NGiZjD6DoDI6kf7gKaxkf7s3VQ==",
      "license": "MIT",
      "dependencies": {
        "align-text": "^0.1.3",
        "lazy-cache": "^1.0.3"
      },
      "engines": {
        "node": ">=0.10.0"
      }
    },
    "node_modules/cliui": {
      "version": "2.1.0",
      "resolved": "https://registry.npmjs.org/cliui/-/cliui-2.1.0.tgz",
      "integrity": "sha512-GIOYRizG+TGoc7Wgc1LiOTLare95R3mzKgoln+Q/lE4ceiYH19gUpl0l0Ffq4lJDEf3FxujMe6IBfOCs7pfqNA==",
      "license": "ISC",
      "dependencies": {
        "center-align": "^0.1.1",
        "right-align": "^0.1.1",
        "wordwrap": "0.0.2"
      }
    },
    "node_modules/concat-stream": {
      "version": "1.6.2",
      "resolved": "https://registry.npmjs.org/concat-stream/-/concat-stream-1.6.2.tgz",
      "integrity": "sha512-27HBghJxjiZtIk3Ycvn/4kbJk/1uZuJFfuPEns6LaEvpvG1f0hTea8lilrouyo9mVc2GWdcEZ8OLoGmSADlrCw==",
      "engines": [
        "node >= 0.8"
      ],
      "license": "MIT",
      "dependencies": {
        "buffer-from": "^1.0.0",
        "inherits": "^2.0.3",
        "readable-stream": "^2.2.2",
        "typedarray": "^0.0.6"
      }
    },
    "node_modules/concat-stream/node_modules/isarray": {
      "version": "1.0.0",
      "resolved": "https://registry.npmjs.org/isarray/-/isarray-1.0.0.tgz",
      "integrity": "sha512-VLghIWNM6ELQzo7zwmcg0NmTVyWKYjvIeM83yjp0wRDTmUnrM678fQbcKBo6n2CJEF0szoG//ytg+TKla89ALQ==",
      "license": "MIT"
    },
    "node_modules/concat-stream/node_modules/readable-stream": {
      "version": "2.3.8",
      "resolved": "https://registry.npmjs.org/readable-stream/-/readable-stream-2.3.8.tgz",
      "integrity": "sha512-8p0AUk4XODgIewSi0l8Epjs+EVnWiK7NoDIEGU0HhE7+ZyY8D1IMY7odu5lRrFXGg71L15KG8QrPmum45RTtdA==",
      "license": "MIT",
      "dependencies": {
        "core-util-is": "~1.0.0",
        "inherits": "~2.0.3",
        "isarray": "~1.0.0",
        "process-nextick-args": "~2.0.0",
        "safe-buffer": "~5.1.1",
        "string_decoder": "~1.1.1",
        "util-deprecate": "~1.0.1"
      }
    },
    "node_modules/concat-stream/node_modules/string_decoder": {
      "version": "1.1.1",
      "resolved": "https://registry.npmjs.org/string_decoder/-/string_decoder-1.1.1.tgz",
      "integrity": "sha512-n/ShnvDi6FHbbVfviro+WojiFzv+s8MPMHBczVePfUpDJLwoLT0ht1l4YwBCbi8pJAveEEdnkHyPyTP/mzRfwg==",
      "license": "MIT",
      "dependencies": {
        "safe-buffer": "~5.1.0"
      }
    },
    "node_modules/core-util-is": {
      "version": "1.0.3",
      "resolved": "https://registry.npmjs.org/core-util-is/-/core-util-is-1.0.3.tgz",
      "integrity": "sha512-ZQBvi1DcpJ4GDqanjucZ2Hj3wEO5pZDS89BWbkcrvdxksJorwUDDZamX9ldFkp9aw2lmBDLgkObEA4DWNJ9FYQ==",
      "license": "MIT"
    },
    "node_modules/cwise": {
      "version": "1.0.10",
      "resolved": "https://registry.npmjs.org/cwise/-/cwise-1.0.10.tgz",
      "integrity": "sha512-4OQ6FXVTRO2bk/OkIEt0rNqDk63aOv3Siny6ZD2/WN9CH7k8X6XyQdcip4zKg1WG+L8GP5t2zicXbDb+H7Y77Q==",
      "license": "MIT",
      "dependencies": {
        "cwise-compiler": "^1.1.1",
        "cwise-parser": "^1.0.0",
        "static-module": "^1.0.0",
        "uglify-js": "^2.6.0"
      }
    },
    "node_modules/cwise-compiler": {
      "version": "1.1.3",
      "resolved": "https://registry.npmjs.org/cwise-compiler/-/cwise-compiler-1.1.3.tgz",
      "integrity": "sha512-WXlK/m+Di8DMMcCjcWr4i+XzcQra9eCdXIJrgh4TUgh0pIS/yJduLxS9JgefsHJ/YVLdgPtXm9r62W92MvanEQ==",
      "license": "MIT",
      "dependencies": {
        "uniq": "^1.0.0"
      }
    },
    "node_modules/cwise-parser": {
      "version": "1.0.3",
      "resolved": "https://registry.npmjs.org/cwise-parser/-/cwise-parser-1.0.3.tgz",
      "integrity": "sha512-nAe238ctwjt9l5exq9CQkHS1Tj6YRGAQxqfL4VaN1B2oqG1Ss0VVqIrBG/vyOgN301PI22wL6ZIhe/zA+BO56Q==",
      "license": "MIT",
      "dependencies": {
        "esprima": "^1.0.3",
        "uniq": "^1.0.0"
      }
    },
    "node_modules/decamelize": {
      "version": "1.2.0",
      "resolved": "https://registry.npmjs.org/decamelize/-/decamelize-1.2.0.tgz",
      "integrity": "sha512-z2S+W9X73hAUUki+N+9Za2lBlun89zigOyGrsax+KUQ6wKW4ZoWpEYBkGhQjwAjjDCkWxhY0VKEhk8wzY7F5cA==",
      "license": "MIT",
      "engines": {
        "node": ">=0.10.0"
      }
    },
    "node_modules/detect-libc": {
      "version": "2.1.2",
      "resolved": "https://registry.npmjs.org/detect-libc/-/detect-libc-2.1.2.tgz",
      "integrity": "sha512-Btj2BOOO83o3WyH59e8MgXsxEQVcarkUOpEYrubB0urwnN10yQ364rsiByU11nZlqWYZm05i/of7io4mzihBtQ==",
      "license": "Apache-2.0",
      "engines": {
        "node": ">=8"
      }
    },
    "node_modules/dup": {
      "version": "1.0.0",
      "resolved": "https://registry.npmjs.org/dup/-/dup-1.0.0.tgz",
      "integrity": "sha512-Bz5jxMMC0wgp23Zm15ip1x8IhYRqJvF3nFC0UInJUDkN1z4uNPk9jTnfCUJXbOGiQ1JbXLQsiV41Fb+HXcj5BA==",
      "license": "MIT"
    },
    "node_modules/duplexer2": {
      "version": "0.0.2",
      "resolved": "https://registry.npmjs.org/duplexer2/-/duplexer2-0.0.2.tgz",
      "integrity": "sha512-+AWBwjGadtksxjOQSFDhPNQbed7icNXApT4+2BNpsXzcCBiInq2H9XW0O8sfHFaPmnQRs7cg/P0fAr2IWQSW0g==",
      "license": "BSD",
      "dependencies": {
        "readable-stream": "~1.1.9"
      }
    },
    "node_modules/duplexer2/node_modules/isarray": {
      "version": "0.0.1",
      "resolved": "https://registry.npmjs.org/isarray/-/isarray-0.0.1.tgz",
      "integrity": "sha512-D2S+3GLxWH+uhrNEcoh/fnmYeP8E8/zHl644d/jdA0g2uyXvy3sb0qxotE+ne0LtccHknQzWwZEzhak7oJ0COQ==",
      "license": "MIT"
    },
    "node_modules/duplexer2/node_modules/readable-stream": {
      "version": "1.1.14",
      "resolved": "https://registry.npmjs.org/readable-stream/-/readable-stream-1.1.14.tgz",
      "integrity": "sha512-+MeVjFf4L44XUkhM1eYbD8fyEsxcV81pqMSR5gblfcLCHfZvbrqy4/qYHE+/R5HoBUT11WV5O08Cr1n3YXkWVQ==",
      "license": "MIT",
      "dependencies": {
        "core-util-is": "~1.0.0",
        "inherits": "~2.0.1",
        "isarray": "0.0.1",
        "string_decoder": "~0.10.x"
      }
    },
    "node_modules/escodegen": {
      "version": "1.3.3",
      "resolved": "https://registry.npmjs.org/escodegen/-/escodegen-1.3.3.tgz",
      "integrity": "sha512-z9FWgKc48wjMlpzF5ymKS1AF8OIgnKLp9VyN7KbdtyrP/9lndwUFqCtMm+TAJmJf7KJFFYc4cFJfVTTGkKEwsA==",
      "dependencies": {
        "esprima": "~1.1.1",
        "estraverse": "~1.5.0",
        "esutils": "~1.0.0"
      },
      "bin": {
        "escodegen": "bin/escodegen.js",
        "esgenerate": "bin/esgenerate.js"
      },
      "engines": {
        "node": ">=0.10.0"
      },
      "optionalDependencies": {
        "source-map": "~0.1.33"
      }
    },
    "node_modules/escodegen/node_modules/esprima": {
      "version": "1.1.1",
      "resolved": "https://registry.npmjs.org/esprima/-/esprima-1.1.1.tgz",
      "integrity": "sha512-qxxB994/7NtERxgXdFgLHIs9M6bhLXc6qtUmWZ3L8+gTQ9qaoyki2887P2IqAYsoENyr8SUbTutStDniOHSDHg==",
      "bin": {
        "esparse": "bin/esparse.js",
        "esvalidate": "bin/esvalidate.js"
      },
      "engines": {
        "node": ">=0.4.0"
      }
    },
    "node_modules/esprima": {
      "version": "1.2.5",
      "resolved": "https://registry.npmjs.org/esprima/-/esprima-1.2.5.tgz",
      "integrity": "sha512-S9VbPDU0adFErpDai3qDkjq8+G05ONtKzcyNrPKg/ZKa+tf879nX2KexNU95b31UoTJjRLInNBHHHjFPoCd7lQ==",
      "bin": {
        "esparse": "bin/esparse.js",
        "esvalidate": "bin/esvalidate.js"
      },
      "engines": {
        "node": ">=0.4.0"
      }
    },
    "node_modules/estraverse": {
      "version": "1.5.1",
      "resolved": "https://registry.npmjs.org/estraverse/-/estraverse-1.5.1.tgz",
      "integrity": "sha512-FpCjJDfmo3vsc/1zKSeqR5k42tcIhxFIlvq+h9j0fO2q/h2uLKyweq7rYJ+0CoVvrGQOxIS5wyBrW/+vF58BUQ==",
      "engines": {
        "node": ">=0.4.0"
      }
    },
    "node_modules/esutils": {
      "version": "1.0.0",
      "resolved": "https://registry.npmjs.org/esutils/-/esutils-1.0.0.tgz",
      "integrity": "sha512-x/iYH53X3quDwfHRz4y8rn4XcEwwCJeWsul9pF1zldMbGtgOtMNBEOuYWwB1EQlK2LRa1fev3YAgym/RElp5Cg==",
      "engines": {
        "node": ">=0.10.0"
      }
    },
    "node_modules/exifr": {
      "version": "7.1.3",
      "resolved": "https://registry.npmjs.org/exifr/-/exifr-7.1.3.tgz",
      "integrity": "sha512-g/aje2noHivrRSLbAUtBPWFbxKdKhgj/xr1vATDdUXPOFYJlQ62Ft0oy+72V6XLIpDJfHs6gXLbBLAolqOXYRw==",
      "license": "MIT"
    },
    "node_modules/exiftool-vendored": {
      "version": "35.20.0",
      "resolved": "https://registry.npmjs.org/exiftool-vendored/-/exiftool-vendored-35.20.0.tgz",
      "integrity": "sha512-Yn66dSBaWGcUaSbm5Nl4G28rxtceLlWf4PstqJMbLix9sN7w0okWHPEvdudiP56Q5Cjl7v3TLyKKwowUFlbD8g==",
      "dev": true,
      "license": "MIT",
      "dependencies": {
        "@photostructure/tz-lookup": "^11.5.0",
        "@types/luxon": "^3.7.1",
        "batch-cluster": "^17.3.1",
        "he": "^1.2.0",
        "luxon": "^3.7.2"
      },
      "engines": {
        "node": ">=20.0.0"
      },
      "optionalDependencies": {
        "exiftool-vendored.exe": "13.58.0",
        "exiftool-vendored.pl": "13.58.0"
      }
    },
    "node_modules/exiftool-vendored.exe": {
      "version": "13.58.0",
      "resolved": "https://registry.npmjs.org/exiftool-vendored.exe/-/exiftool-vendored.exe-13.58.0.tgz",
      "integrity": "sha512-pV7SjQeOu4Q77DWuyF+hlRYWVlRcSAqfqTTujBZeGUy/Q9+RPAy877YgSZIxKOYW1TxmmL8KyBGxaG0JKYG8BQ==",
      "dev": true,
      "license": "MIT",
      "optional": true,
      "os": [
        "win32"
      ]
    },
    "node_modules/exiftool-vendored.pl": {
      "version": "13.58.0",
      "resolved": "https://registry.npmjs.org/exiftool-vendored.pl/-/exiftool-vendored.pl-13.58.0.tgz",
      "integrity": "sha512-+Z2xhZrYLMu/anO/s14AaS/K5HMJ5Cw9C3KefIeYNpkZRN4RRBJHm7R34yjj9Pv+elqYRZrQV9NcqvkBLn/68w==",
      "dev": true,
      "license": "MIT",
      "optional": true,
      "os": [
        "!win32"
      ],
      "bin": {
        "exiftool": "bin/exiftool"
      }
    },
    "node_modules/falafel": {
      "version": "2.2.5",
      "resolved": "https://registry.npmjs.org/falafel/-/falafel-2.2.5.tgz",
      "integrity": "sha512-HuC1qF9iTnHDnML9YZAdCDQwT0yKl/U55K4XSUXqGAA2GLoafFgWRqdAbhWJxXaYD4pyoVxAJ8wH670jMpI9DQ==",
      "license": "MIT",
      "dependencies": {
        "acorn": "^7.1.1",
        "isarray": "^2.0.1"
      },
      "engines": {
        "node": ">=0.4.0"
      }
    },
    "node_modules/has": {
      "version": "1.0.4",
      "resolved": "https://registry.npmjs.org/has/-/has-1.0.4.tgz",
      "integrity": "sha512-qdSAmqLF6209RFj4VVItywPMbm3vWylknmB3nvNiUIs72xAimcM8nVYxYr7ncvZq5qzk9MKIZR8ijqD/1QuYjQ==",
      "license": "MIT",
      "engines": {
        "node": ">= 0.4.0"
      }
    },
    "node_modules/he": {
      "version": "1.2.0",
      "resolved": "https://registry.npmjs.org/he/-/he-1.2.0.tgz",
      "integrity": "sha512-F/1DnUGPopORZi0ni+CvrCgHQ5FyEAHRLSApuYWMmrbSwoN2Mn/7k+Gl38gJnR7yyDZk6WLXwiGod1JOWNDKGw==",
      "dev": true,
      "license": "MIT",
      "bin": {
        "he": "bin/he"
      }
    },
    "node_modules/inherits": {
      "version": "2.0.4",
      "resolved": "https://registry.npmjs.org/inherits/-/inherits-2.0.4.tgz",
      "integrity": "sha512-k/vGaX4/Yla3WzyMCvTQOXYeIHvqOKtnqBduzTHpzpQZzAskKMhZ2K+EnBiSM9zGSoIFeMpXKxa4dYeZIQqewQ==",
      "license": "ISC"
    },
    "node_modules/iota-array": {
      "version": "1.0.0",
      "resolved": "https://registry.npmjs.org/iota-array/-/iota-array-1.0.0.tgz",
      "integrity": "sha512-pZ2xT+LOHckCatGQ3DcG/a+QuEqvoxqkiL7tvE8nn3uuu+f6i1TtpB5/FtWFbxUuVr5PZCx8KskuGatbJDXOWA==",
      "license": "MIT"
    },
    "node_modules/is-buffer": {
      "version": "1.1.6",
      "resolved": "https://registry.npmjs.org/is-buffer/-/is-buffer-1.1.6.tgz",
      "integrity": "sha512-NcdALwpXkTm5Zvvbk7owOUSvVvBKDgKP5/ewfXEznmQFfs4ZRmanOeKBTjRVjka3QFoN6XJ+9F3USqfHqTaU5w==",
      "license": "MIT"
    },
    "node_modules/isarray": {
      "version": "2.0.5",
      "resolved": "https://registry.npmjs.org/isarray/-/isarray-2.0.5.tgz",
      "integrity": "sha512-xHjhDr3cNBK0BzdUJSPXZntQUx/mwMS5Rw4A7lPJ90XGAO6ISP/ePDNuo0vhqOZU+UD5JoodwCAAoZQd3FeAKw==",
      "license": "MIT"
    },
    "node_modules/kind-of": {
      "version": "3.2.2",
      "resolved": "https://registry.npmjs.org/kind-of/-/kind-of-3.2.2.tgz",
      "integrity": "sha512-NOW9QQXMoZGg/oqnVNoNTTIFEIid1627WCffUBJEdMxYApq7mNE7CpzucIPc+ZQg25Phej7IJSmX3hO+oblOtQ==",
      "license": "MIT",
      "dependencies": {
        "is-buffer": "^1.1.5"
      },
      "engines": {
        "node": ">=0.10.0"
      }
    },
    "node_modules/lazy-cache": {
      "version": "1.0.4",
      "resolved": "https://registry.npmjs.org/lazy-cache/-/lazy-cache-1.0.4.tgz",
      "integrity": "sha512-RE2g0b5VGZsOCFOCgP7omTRYFqydmZkBwl5oNnQ1lDYC57uyO9KqNnNVxT7COSHTxrRCWVcAVOcbjk+tvh/rgQ==",
      "license": "MIT",
      "engines": {
        "node": ">=0.10.0"
      }
    },
    "node_modules/longest": {
      "version": "1.0.1",
      "resolved": "https://registry.npmjs.org/longest/-/longest-1.0.1.tgz",
      "integrity": "sha512-k+yt5n3l48JU4k8ftnKG6V7u32wyH2NfKzeMto9F/QRE0amxy/LayxwlvjjkZEIzqR+19IrtFO8p5kB9QaYUFg==",
      "license": "MIT",
      "engines": {
        "node": ">=0.10.0"
      }
    },
    "node_modules/luxon": {
      "version": "3.7.2",
      "resolved": "https://registry.npmjs.org/luxon/-/luxon-3.7.2.tgz",
      "integrity": "sha512-vtEhXh/gNjI9Yg1u4jX/0YVPMvxzHuGgCm6tC5kZyb08yjGWGnqAjGJvcXbqQR2P3MyMEFnRbpcdFS6PBcLqew==",
      "dev": true,
      "license": "MIT",
      "engines": {
        "node": ">=12"
      }
    },
    "node_modules/minimist": {
      "version": "0.0.8",
      "resolved": "https://registry.npmjs.org/minimist/-/minimist-0.0.8.tgz",
      "integrity": "sha512-miQKw5Hv4NS1Psg2517mV4e4dYNaO3++hjAvLOAzKqZ61rH8NS1SK+vbfBWZ5PY/Me/bEWhUwqMghEW5Fb9T7Q==",
      "license": "MIT"
    },
    "node_modules/ndarray": {
      "version": "1.0.19",
      "resolved": "https://registry.npmjs.org/ndarray/-/ndarray-1.0.19.tgz",
      "integrity": "sha512-B4JHA4vdyZU30ELBw3g7/p9bZupyew5a7tX1Y/gGeF2hafrPaQZhgrGQfsvgfYbgdFZjYwuEcnaobeM/WMW+HQ==",
      "license": "MIT",
      "dependencies": {
        "iota-array": "^1.0.0",
        "is-buffer": "^1.0.2"
      }
    },
    "node_modules/ndarray-fft": {
      "version": "1.0.3",
      "resolved": "https://registry.npmjs.org/ndarray-fft/-/ndarray-fft-1.0.3.tgz",
      "integrity": "sha512-p7OPcNAHP616TdoQdmroW666To530jY1q32Gy1DvK3fkaAQ4BuGu715UDDPIARkVQGhHC2qhbjwrhYG2eUQPCw==",
      "license": "MIT",
      "dependencies": {
        "bit-twiddle": "^1.0.2",
        "cwise": "^1.0.4",
        "ndarray": "^1.0.15",
        "ndarray-ops": "^1.2.2",
        "typedarray-pool": "^1.0.0"
      }
    },
    "node_modules/ndarray-ops": {
      "version": "1.2.2",
      "resolved": "https://registry.npmjs.org/ndarray-ops/-/ndarray-ops-1.2.2.tgz",
      "integrity": "sha512-BppWAFRjMYF7N/r6Ie51q6D4fs0iiGmeXIACKY66fLpnwIui3Wc3CXiD/30mgLbDjPpSLrsqcp3Z62+IcHZsDw==",
      "license": "MIT",
      "dependencies": {
        "cwise-compiler": "^1.0.0"
      }
    },
    "node_modules/object-inspect": {
      "version": "0.4.0",
      "resolved": "https://registry.npmjs.org/object-inspect/-/object-inspect-0.4.0.tgz",
      "integrity": "sha512-8WvkvUZiKAjjsy/63rJjA7jw9uyF0CLVLjBKEfnPHE3Jxvs1LgwqL2OmJN+LliIX1vrzKW+AAu02Cc+xv27ncQ==",
      "license": "MIT"
    },
    "node_modules/object-keys": {
      "version": "0.4.0",
      "resolved": "https://registry.npmjs.org/object-keys/-/object-keys-0.4.0.tgz",
      "integrity": "sha512-ncrLw+X55z7bkl5PnUvHwFK9FcGuFYo9gtjws2XtSzL+aZ8tm830P60WJ0dSmFVaSalWieW5MD7kEdnXda9yJw==",
      "license": "MIT"
    },
    "node_modules/process-nextick-args": {
      "version": "2.0.1",
      "resolved": "https://registry.npmjs.org/process-nextick-args/-/process-nextick-args-2.0.1.tgz",
      "integrity": "sha512-3ouUOpQhtgrbOa17J7+uxOTpITYWaGP7/AhoR3+A+/1e9skrzelGi/dXzEYyvbxubEF6Wn2ypscTKiKJFFn1ag==",
      "license": "MIT"
    },
    "node_modules/quote-stream": {
      "version": "0.0.0",
      "resolved": "https://registry.npmjs.org/quote-stream/-/quote-stream-0.0.0.tgz",
      "integrity": "sha512-m4VtvjAMx00wgAS6eOy50ZDat1EBQeFKBIrtF/oxUt0MenEI33y7runJcRiOihc+JBBIt2aFFJhILIh4e9shJA==",
      "license": "MIT",
      "dependencies": {
        "minimist": "0.0.8",
        "through2": "~0.4.1"
      }
    },
    "node_modules/readable-stream": {
      "version": "1.0.34",
      "resolved": "https://registry.npmjs.org/readable-stream/-/readable-stream-1.0.34.tgz",
      "integrity": "sha512-ok1qVCJuRkNmvebYikljxJA/UEsKwLl2nI1OmaqAu4/UE+h0wKCHok4XkL/gvi39OacXvw59RJUOFUkDib2rHg==",
      "license": "MIT",
      "dependencies": {
        "core-util-is": "~1.0.0",
        "inherits": "~2.0.1",
        "isarray": "0.0.1",
        "string_decoder": "~0.10.x"
      }
    },
    "node_modules/readable-stream/node_modules/isarray": {
      "version": "0.0.1",
      "resolved": "https://registry.npmjs.org/isarray/-/isarray-0.0.1.tgz",
      "integrity": "sha512-D2S+3GLxWH+uhrNEcoh/fnmYeP8E8/zHl644d/jdA0g2uyXvy3sb0qxotE+ne0LtccHknQzWwZEzhak7oJ0COQ==",
      "license": "MIT"
    },
    "node_modules/repeat-string": {
      "version": "1.6.1",
      "resolved": "https://registry.npmjs.org/repeat-string/-/repeat-string-1.6.1.tgz",
      "integrity": "sha512-PV0dzCYDNfRi1jCDbJzpW7jNNDRuCOG/jI5ctQcGKt/clZD+YcPS3yIlWuTJMmESC8aevCFmWJy5wjAFgNqN6w==",
      "license": "MIT",
      "engines": {
        "node": ">=0.10"
      }
    },
    "node_modules/right-align": {
      "version": "0.1.3",
      "resolved": "https://registry.npmjs.org/right-align/-/right-align-0.1.3.tgz",
      "integrity": "sha512-yqINtL/G7vs2v+dFIZmFUDbnVyFUJFKd6gK22Kgo6R4jfJGFtisKyncWDDULgjfqf4ASQuIQyjJ7XZ+3aWpsAg==",
      "license": "MIT",
      "dependencies": {
        "align-text": "^0.1.1"
      },
      "engines": {
        "node": ">=0.10.0"
      }
    },
    "node_modules/safe-buffer": {
      "version": "5.1.2",
      "resolved": "https://registry.npmjs.org/safe-buffer/-/safe-buffer-5.1.2.tgz",
      "integrity": "sha512-Gd2UZBJDkXlY7GbJxfsE8/nvKkUEU1G38c1siN6QP6a9PT9MmHB8GnpscSmMJSoF8LOIrt8ud/wPtojys4G6+g==",
      "license": "MIT"
    },
    "node_modules/semver": {
      "version": "7.8.1",
      "resolved": "https://registry.npmjs.org/semver/-/semver-7.8.1.tgz",
      "integrity": "sha512-rkVq3IXh+4FDGch+KwzX3aV9W3kO54GyEgpvBzSyctDA6Xtd7RJQV1xmXbeQp5v7+VzLOfVqiutSE6GICgPFvg==",
      "license": "ISC",
      "bin": {
        "semver": "bin/semver.js"
      },
      "engines": {
        "node": ">=10"
      }
    },
    "node_modules/shallow-copy": {
      "version": "0.0.1",
      "resolved": "https://registry.npmjs.org/shallow-copy/-/shallow-copy-0.0.1.tgz",
      "integrity": "sha512-b6i4ZpVuUxB9h5gfCxPiusKYkqTMOjEbBs4wMaFbkfia4yFv92UKZ6Df8WXcKbn08JNL/abvg3FnMAOfakDvUw==",
      "license": "MIT"
    },
    "node_modules/sharp": {
      "version": "0.34.5",
      "resolved": "https://registry.npmjs.org/sharp/-/sharp-0.34.5.tgz",
      "integrity": "sha512-Ou9I5Ft9WNcCbXrU9cMgPBcCK8LiwLqcbywW3t4oDV37n1pzpuNLsYiAV8eODnjbtQlSDwZ2cUEeQz4E54Hltg==",
      "hasInstallScript": true,
      "license": "Apache-2.0",
      "dependencies": {
        "@img/colour": "^1.0.0",
        "detect-libc": "^2.1.2",
        "semver": "^7.7.3"
      },
      "engines": {
        "node": "^18.17.0 || ^20.3.0 || >=21.0.0"
      },
      "funding": {
        "url": "https://opencollective.com/libvips"
      },
      "optionalDependencies": {
        "@img/sharp-darwin-arm64": "0.34.5",
        "@img/sharp-darwin-x64": "0.34.5",
        "@img/sharp-libvips-darwin-arm64": "1.2.4",
        "@img/sharp-libvips-darwin-x64": "1.2.4",
        "@img/sharp-libvips-linux-arm": "1.2.4",
        "@img/sharp-libvips-linux-arm64": "1.2.4",
        "@img/sharp-libvips-linux-ppc64": "1.2.4",
        "@img/sharp-libvips-linux-riscv64": "1.2.4",
        "@img/sharp-libvips-linux-s390x": "1.2.4",
        "@img/sharp-libvips-linux-x64": "1.2.4",
        "@img/sharp-libvips-linuxmusl-arm64": "1.2.4",
        "@img/sharp-libvips-linuxmusl-x64": "1.2.4",
        "@img/sharp-linux-arm": "0.34.5",
        "@img/sharp-linux-arm64": "0.34.5",
        "@img/sharp-linux-ppc64": "0.34.5",
        "@img/sharp-linux-riscv64": "0.34.5",
        "@img/sharp-linux-s390x": "0.34.5",
        "@img/sharp-linux-x64": "0.34.5",
        "@img/sharp-linuxmusl-arm64": "0.34.5",
        "@img/sharp-linuxmusl-x64": "0.34.5",
        "@img/sharp-wasm32": "0.34.5",
        "@img/sharp-win32-arm64": "0.34.5",
        "@img/sharp-win32-ia32": "0.34.5",
        "@img/sharp-win32-x64": "0.34.5"
      }
    },
    "node_modules/source-map": {
      "version": "0.1.43",
      "resolved": "https://registry.npmjs.org/source-map/-/source-map-0.1.43.tgz",
      "integrity": "sha512-VtCvB9SIQhk3aF6h+N85EaqIaBFIAfZ9Cu+NJHHVvc8BbEcnvDcFw6sqQ2dQrT6SlOrZq3tIvyD9+EGq/lJryQ==",
      "optional": true,
      "dependencies": {
        "amdefine": ">=0.0.4"
      },
      "engines": {
        "node": ">=0.8.0"
      }
    },
    "node_modules/static-eval": {
      "version": "0.2.4",
      "resolved": "https://registry.npmjs.org/static-eval/-/static-eval-0.2.4.tgz",
      "integrity": "sha512-6dWWPfa/0+1zULdQi7ssT5EQZHsGK8LygBzhE/HdafNCo4e/Ibt7vLPfxBw9VcdVV+t0ARtN4ZAJKtApVc0A5Q==",
      "license": "MIT",
      "dependencies": {
        "escodegen": "~0.0.24"
      }
    },
    "node_modules/static-eval/node_modules/escodegen": {
      "version": "0.0.28",
      "resolved": "https://registry.npmjs.org/escodegen/-/escodegen-0.0.28.tgz",
      "integrity": "sha512-6ioQhg16lFs5c7XJlJFXIDxBjO4yRvXC9yK6dLNNGuhI3a/fJukHanPF6qtpjGDgAFzI8Wuq3PSIarWmaOq/5A==",
      "dependencies": {
        "esprima": "~1.0.2",
        "estraverse": "~1.3.0"
      },
      "bin": {
        "escodegen": "bin/escodegen.js",
        "esgenerate": "bin/esgenerate.js"
      },
      "engines": {
        "node": ">=0.4.0"
      },
      "optionalDependencies": {
        "source-map": ">= 0.1.2"
      }
    },
    "node_modules/static-eval/node_modules/esprima": {
      "version": "1.0.4",
      "resolved": "https://registry.npmjs.org/esprima/-/esprima-1.0.4.tgz",
      "integrity": "sha512-rp5dMKN8zEs9dfi9g0X1ClLmV//WRyk/R15mppFNICIFRG5P92VP7Z04p8pk++gABo9W2tY+kHyu6P1mEHgmTA==",
      "bin": {
        "esparse": "bin/esparse.js",
        "esvalidate": "bin/esvalidate.js"
      },
      "engines": {
        "node": ">=0.4.0"
      }
    },
    "node_modules/static-eval/node_modules/estraverse": {
      "version": "1.3.2",
      "resolved": "https://registry.npmjs.org/estraverse/-/estraverse-1.3.2.tgz",
      "integrity": "sha512-OkbCPVUu8D9tbsLcUR+CKFRBbhZlogmkbWaP3BPERlkqzWL5Q6IdTz6eUk+b5cid2MTaCqJb2nNRGoJ8TpfPrg==",
      "engines": {
        "node": ">=0.4.0"
      }
    },
    "node_modules/static-module": {
      "version": "1.5.0",
      "resolved": "https://registry.npmjs.org/static-module/-/static-module-1.5.0.tgz",
      "integrity": "sha512-XTj7pQOHT33l77lK/Pu8UXqzI44C6LYAqwAc9hLTTESHRqJAFudBpReuopFPpoRr5CtOoSmGfFQC6FPlbDnyCw==",
      "license": "MIT",
      "dependencies": {
        "concat-stream": "~1.6.0",
        "duplexer2": "~0.0.2",
        "escodegen": "~1.3.2",
        "falafel": "^2.1.0",
        "has": "^1.0.0",
        "object-inspect": "~0.4.0",
        "quote-stream": "~0.0.0",
        "readable-stream": "~1.0.27-1",
        "shallow-copy": "~0.0.1",
        "static-eval": "~0.2.0",
        "through2": "~0.4.1"
      }
    },
    "node_modules/string_decoder": {
      "version": "0.10.31",
      "resolved": "https://registry.npmjs.org/string_decoder/-/string_decoder-0.10.31.tgz",
      "integrity": "sha512-ev2QzSzWPYmy9GuqfIVildA4OdcGLeFZQrq5ys6RtiuF+RQQiZWr8TZNyAcuVXyQRYfEO+MsoB/1BuQVhOJuoQ==",
      "license": "MIT"
    },
    "node_modules/through2": {
      "version": "0.4.2",
      "resolved": "https://registry.npmjs.org/through2/-/through2-0.4.2.tgz",
      "integrity": "sha512-45Llu+EwHKtAZYTPPVn3XZHBgakWMN3rokhEv5hu596XP+cNgplMg+Gj+1nmAvj+L0K7+N49zBKx5rah5u0QIQ==",
      "license": "MIT",
      "dependencies": {
        "readable-stream": "~1.0.17",
        "xtend": "~2.1.1"
      }
    },
    "node_modules/tslib": {
      "version": "2.8.1",
      "resolved": "https://registry.npmjs.org/tslib/-/tslib-2.8.1.tgz",
      "integrity": "sha512-oJFu94HQb+KVduSUQL7wnpmqnfmLsOA/nAh6b6EH0wCEoK0/mPeXU6c3wKDV83MkOuHPRHtSXKKU99IBazS/2w==",
      "license": "0BSD",
      "optional": true
    },
    "node_modules/typedarray": {
      "version": "0.0.6",
      "resolved": "https://registry.npmjs.org/typedarray/-/typedarray-0.0.6.tgz",
      "integrity": "sha512-/aCDEGatGvZ2BIk+HmLf4ifCJFwvKFNb9/JeZPMulfgFracn9QFcAf5GO8B/mweUjSoblS5In0cWhqpfs/5PQA==",
      "license": "MIT"
    },
    "node_modules/typedarray-pool": {
      "version": "1.2.0",
      "resolved": "https://registry.npmjs.org/typedarray-pool/-/typedarray-pool-1.2.0.tgz",
      "integrity": "sha512-YTSQbzX43yvtpfRtIDAYygoYtgT+Rpjuxy9iOpczrjpXLgGoyG7aS5USJXV2d3nn8uHTeb9rXDvzS27zUg5KYQ==",
      "license": "MIT",
      "dependencies": {
        "bit-twiddle": "^1.0.0",
        "dup": "^1.0.0"
      }
    },
    "node_modules/uglify-js": {
      "version": "2.8.29",
      "resolved": "https://registry.npmjs.org/uglify-js/-/uglify-js-2.8.29.tgz",
      "integrity": "sha512-qLq/4y2pjcU3vhlhseXGGJ7VbFO4pBANu0kwl8VCa9KEI0V8VfZIx2Fy3w01iSTA/pGwKZSmu/+I4etLNDdt5w==",
      "license": "BSD-2-Clause",
      "dependencies": {
        "source-map": "~0.5.1",
        "yargs": "~3.10.0"
      },
      "bin": {
        "uglifyjs": "bin/uglifyjs"
      },
      "engines": {
        "node": ">=0.8.0"
      },
      "optionalDependencies": {
        "uglify-to-browserify": "~1.0.0"
      }
    },
    "node_modules/uglify-js/node_modules/source-map": {
      "version": "0.5.7",
      "resolved": "https://registry.npmjs.org/source-map/-/source-map-0.5.7.tgz",
      "integrity": "sha512-LbrmJOMUSdEVxIKvdcJzQC+nQhe8FUZQTXQy6+I75skNgn3OoQ0DZA8YnFa7gp8tqtL3KPf1kmo0R5DoApeSGQ==",
      "license": "BSD-3-Clause",
      "engines": {
        "node": ">=0.10.0"
      }
    },
    "node_modules/uglify-to-browserify": {
      "version": "1.0.2",
      "resolved": "https://registry.npmjs.org/uglify-to-browserify/-/uglify-to-browserify-1.0.2.tgz",
      "integrity": "sha512-vb2s1lYx2xBtUgy+ta+b2J/GLVUR+wmpINwHePmPRhOsIVCG2wDzKJ0n14GslH1BifsqVzSOwQhRaCAsZ/nI4Q==",
      "license": "MIT",
      "optional": true
    },
    "node_modules/uniq": {
      "version": "1.0.1",
      "resolved": "https://registry.npmjs.org/uniq/-/uniq-1.0.1.tgz",
      "integrity": "sha512-Gw+zz50YNKPDKXs+9d+aKAjVwpjNwqzvNpLigIruT4HA9lMZNdMqs9x07kKHB/L9WRzqp4+DlTU5s4wG2esdoA==",
      "license": "MIT"
    },
    "node_modules/util-deprecate": {
      "version": "1.0.2",
      "resolved": "https://registry.npmjs.org/util-deprecate/-/util-deprecate-1.0.2.tgz",
      "integrity": "sha512-EPD5q1uXyFxJpCrLnCc1nHnq3gOa6DZBocAIiI2TaSCA7VCJ1UJDMagCzIkXNsUYfD1daK//LTEQ8xiIbrHtcw==",
      "license": "MIT"
    },
    "node_modules/window-size": {
      "version": "0.1.0",
      "resolved": "https://registry.npmjs.org/window-size/-/window-size-0.1.0.tgz",
      "integrity": "sha512-1pTPQDKTdd61ozlKGNCjhNRd+KPmgLSGa3mZTHoOliaGcESD8G1PXhh7c1fgiPjVbNVfgy2Faw4BI8/m0cC8Mg==",
      "engines": {
        "node": ">= 0.8.0"
      }
    },
    "node_modules/wordwrap": {
      "version": "0.0.2",
      "resolved": "https://registry.npmjs.org/wordwrap/-/wordwrap-0.0.2.tgz",
      "integrity": "sha512-xSBsCeh+g+dinoBv3GAOWM4LcVVO68wLXRanibtBSdUvkGWQRGeE9P7IwU9EmDDi4jA6L44lz15CGMwdw9N5+Q==",
      "license": "MIT/X11",
      "engines": {
        "node": ">=0.4.0"
      }
    },
    "node_modules/xtend": {
      "version": "2.1.2",
      "resolved": "https://registry.npmjs.org/xtend/-/xtend-2.1.2.tgz",
      "integrity": "sha512-vMNKzr2rHP9Dp/e1NQFnLQlwlhp9L/LfvnsVdHxN1f+uggyVI3i08uD14GPvCToPkdsRfyPqIyYGmIk58V98ZQ==",
      "dependencies": {
        "object-keys": "~0.4.0"
      },
      "engines": {
        "node": ">=0.4"
      }
    },
    "node_modules/yargs": {
      "version": "3.10.0",
      "resolved": "https://registry.npmjs.org/yargs/-/yargs-3.10.0.tgz",
      "integrity": "sha512-QFzUah88GAGy9lyDKGBqZdkYApt63rCXYBGYnEP4xDJPXNqXXnBDACnbrXnViV6jRSqAePwrATi2i8mfYm4L1A==",
      "license": "MIT",
      "dependencies": {
        "camelcase": "^1.0.2",
        "cliui": "^2.1.0",
        "decamelize": "^1.0.0",
        "window-size": "0.1.0"
      }
    }
  }
}
